
Microsoft Visual Studio Solution File, Format Version 12.00
# Visual Studio Version 17
VisualStudioVersion = 17.1.32407.343
MinimumVisualStudioVersion = 10.0.40219.1
Project("{9A19103F-16F7-4668-BE54-9A1E7A4F7556}") = "assignment2", "assignment2.csproj", "{5DC3B632-E268-48A1-9BF8-1B08CFB48ED7}"
EndProject
Project("{2150E333-8FDC-42A3-9474-1A3956D46DE8}") = "Solution Items", "Solution Items", "{8663E76F-3D4C-4A5C-8248-F49309EBE3F1}"
	ProjectSection(SolutionItems) = preProject
		.editorconfig = .editorconfig
	EndProjectSection
EndProject
Global
	GlobalSection(SolutionConfigurationPlatforms) = preSolution
		Debug|Any CPU = Debug|Any CPU
		Release|Any CPU = Release|Any CPU
	EndGlobalSection
	GlobalSection(ProjectConfigurationPlatforms) = postSolution
		{5DC3B632-E268-48A1-9BF8-1B08CFB48ED7}.Debug|Any CPU.ActiveCfg = Debug|Any CPU
		{5DC3B632-E268-48A1-9BF8-1B08CFB48ED7}.Debug|Any CPU.Build.0 = Debug|Any CPU
		{5DC3B632-E268-48A1-9BF8-1B08CFB48ED7}.Release|Any CPU.ActiveCfg = Release|Any CPU
		{5DC3B632-E268-48A1-9BF8-1B08CFB48ED7}.Release|Any CPU.Build.0 = Release|Any CPU
	EndGlobalSection
	GlobalSection(SolutionProperties) = preSolution
		HideSolutionNode = FALSE
	EndGlobalSection
	GlobalSection(ExtensibilityGlobals) = postSolution
		SolutionGuid = {D465454D-D53A-49EE-A9D6-2683E40766F5}
	EndGlobalSection
EndGlobal
